
Microsoft Visual Studio Solution File, Format Version 12.00
# Visual Studio Version 17
VisualStudioVersion = 17.10.34928.147
MinimumVisualStudioVersion = 10.0.40219.1
Project("{FAE04EC0-301F-11D3-BF4B-00C04F79EFBC}") = "FetchCSVfromBEC", "FetchCSVfromBEC\FetchCSVfromBEC.csproj", "{044A405C-0C1E-497A-B2B2-FBDB6326385E}"
EndProject
Global
	GlobalSection(SolutionConfigurationPlatforms) = preSolution
		Debug|Any CPU = Debug|Any CPU
		Release|Any CPU = Release|Any CPU
	EndGlobalSection
	GlobalSection(ProjectConfigurationPlatforms) = postSolution
		{044A405C-0C1E-497A-B2B2-FBDB6326385E}.Debug|Any CPU.ActiveCfg = Debug|Any CPU
		{044A405C-0C1E-497A-B2B2-FBDB6326385E}.Debug|Any CPU.Build.0 = Debug|Any CPU
		{044A405C-0C1E-497A-B2B2-FBDB6326385E}.Release|Any CPU.ActiveCfg = Release|Any CPU
		{044A405C-0C1E-497A-B2B2-FBDB6326385E}.Release|Any CPU.Build.0 = Release|Any CPU
	EndGlobalSection
	GlobalSection(SolutionProperties) = preSolution
		HideSolutionNode = FALSE
	EndGlobalSection
	GlobalSection(ExtensibilityGlobals) = postSolution
		SolutionGuid = {A466C88A-DA5A-40A1-94D1-14BFCCB0AA04}
	EndGlobalSection
EndGlobal
